<?xml version="1.0" encoding="utf-8"?>
<Project ToolsVersion="4.0" xmlns="http://schemas.microsoft.com/developer/msbuild/2003">
  <ItemGroup>
    <Filter Include="Source Files">
      <UniqueIdentifier>{4FC737F1-C7A5-4376-A066-2A32D752A2FF}</UniqueIdentifier>
      <Extensions>cpp;c;cc;cxx;c++;cppm;ixx;def;odl;idl;hpj;bat;asm;asmx</Extensions>
    </Filter>
    <Filter Include="Header Files">
      <UniqueIdentifier>{93995380-89BD-4b04-88EB-625FBE52EBFB}</UniqueIdentifier>
      <Extensions>h;hh;hpp;hxx;h++;hm;inl;inc;ipp;xsd</Extensions>
    </Filter>
    <Filter Include="Resource Files">
      <UniqueIdentifier>{67DA6AB6-F800-4c08-8B7A-83BB121AAD01}</UniqueIdentifier>
      <Extensions>rc;ico;cur;bmp;dlg;rc2;rct;bin;rgs;gif;jpg;jpeg;jpe;resx;tiff;tif;png;wav;mfcribbon-ms</Extensions>
    </Filter>
  </ItemGroup>
  <ItemGroup>
    <ClInclude Include="include\Uranium.h">
      <Filter>Header Files</Filter>
    </ClInclude>
    <ClInclude Include="include\Registeries\ObjectRegistery.h">
      <Filter>Header Files</Filter>
    </ClInclude>
    <ClInclude Include="include\Utils\macros.h">
      <Filter>Header Files</Filter>
    </ClInclude>
    <ClInclude Include="include\Logger\Logger.h">
      <Filter>Header Files</Filter>
    </ClInclude>
    <ClInclude Include="include\Object\CompilerObject.h">
      <Filter>Header Files</Filter>
    </ClInclude>
    <ClInclude Include="include\Object\ObjectComponents\ObjectComponents.h">
      <Filter>Header Files</Filter>
    </ClInclude>
    <ClInclude Include="include\SimdJson\simdjson.h">
      <Filter>Header Files</Filter>
    </ClInclude>
    <ClInclude Include="include\Utils\RandomTypes.h">
      <Filter>Header Files</Filter>
    </ClInclude>
    <ClInclude Include="include\Object\BlockObject.h">
      <Filter>Header Files</Filter>
    </ClInclude>
    <ClInclude Include="include\UraniumGlobals.h">
      <Filter>Header Files</Filter>
    </ClInclude>
    <ClInclude Include="include\Utils\UtilFunctions.h">
      <Filter>Header Files</Filter>
    </ClInclude>
    <ClInclude Include="include\UUID_V4\UUID_V4.h">
      <Filter>Header Files</Filter>
    </ClInclude>
    <ClInclude Include="include\UUID_V4\endianness.h">
      <Filter>Header Files</Filter>
    </ClInclude>
    <ClInclude Include="include\rapidjson\error\en.h">
      <Filter>Header Files</Filter>
    </ClInclude>
    <ClInclude Include="include\rapidjson\error\error.h">
      <Filter>Header Files</Filter>
    </ClInclude>
    <ClInclude Include="include\rapidjson\internal\biginteger.h">
      <Filter>Header Files</Filter>
    </ClInclude>
    <ClInclude Include="include\rapidjson\internal\diyfp.h">
      <Filter>Header Files</Filter>
    </ClInclude>
    <ClInclude Include="include\rapidjson\internal\dtoa.h">
      <Filter>Header Files</Filter>
    </ClInclude>
    <ClInclude Include="include\rapidjson\internal\ieee754.h">
      <Filter>Header Files</Filter>
    </ClInclude>
    <ClInclude Include="include\rapidjson\internal\itoa.h">
      <Filter>Header Files</Filter>
    </ClInclude>
    <ClInclude Include="include\rapidjson\internal\meta.h">
      <Filter>Header Files</Filter>
    </ClInclude>
    <ClInclude Include="include\rapidjson\internal\pow10.h">
      <Filter>Header Files</Filter>
    </ClInclude>
    <ClInclude Include="include\rapidjson\internal\regex.h">
      <Filter>Header Files</Filter>
    </ClInclude>
    <ClInclude Include="include\rapidjson\internal\stack.h">
      <Filter>Header Files</Filter>
    </ClInclude>
    <ClInclude Include="include\rapidjson\internal\strfunc.h">
      <Filter>Header Files</Filter>
    </ClInclude>
    <ClInclude Include="include\rapidjson\internal\strtod.h">
      <Filter>Header Files</Filter>
    </ClInclude>
    <ClInclude Include="include\rapidjson\internal\swap.h">
      <Filter>Header Files</Filter>
    </ClInclude>
    <ClInclude Include="include\rapidjson\msinttypes\inttypes.h">
      <Filter>Header Files</Filter>
    </ClInclude>
    <ClInclude Include="include\rapidjson\msinttypes\stdint.h">
      <Filter>Header Files</Filter>
    </ClInclude>
    <ClInclude Include="include\rapidjson\allocators.h">
      <Filter>Header Files</Filter>
    </ClInclude>
    <ClInclude Include="include\rapidjson\document.h">
      <Filter>Header Files</Filter>
    </ClInclude>
    <ClInclude Include="include\rapidjson\encodedstream.h">
      <Filter>Header Files</Filter>
    </ClInclude>
    <ClInclude Include="include\rapidjson\encodings.h">
      <Filter>Header Files</Filter>
    </ClInclude>
    <ClInclude Include="include\rapidjson\filereadstream.h">
      <Filter>Header Files</Filter>
    </ClInclude>
    <ClInclude Include="include\rapidjson\filewritestream.h">
      <Filter>Header Files</Filter>
    </ClInclude>
    <ClInclude Include="include\rapidjson\fwd.h">
      <Filter>Header Files</Filter>
    </ClInclude>
    <ClInclude Include="include\rapidjson\istreamwrapper.h">
      <Filter>Header Files</Filter>
    </ClInclude>
    <ClInclude Include="include\rapidjson\memorybuffer.h">
      <Filter>Header Files</Filter>
    </ClInclude>
    <ClInclude Include="include\rapidjson\memorystream.h">
      <Filter>Header Files</Filter>
    </ClInclude>
    <ClInclude Include="include\rapidjson\ostreamwrapper.h">
      <Filter>Header Files</Filter>
    </ClInclude>
    <ClInclude Include="include\rapidjson\pointer.h">
      <Filter>Header Files</Filter>
    </ClInclude>
    <ClInclude Include="include\rapidjson\prettywriter.h">
      <Filter>Header Files</Filter>
    </ClInclude>
    <ClInclude Include="include\rapidjson\rapidjson.h">
      <Filter>Header Files</Filter>
    </ClInclude>
    <ClInclude Include="include\rapidjson\reader.h">
      <Filter>Header Files</Filter>
    </ClInclude>
    <ClInclude Include="include\rapidjson\schema.h">
      <Filter>Header Files</Filter>
    </ClInclude>
    <ClInclude Include="include\rapidjson\stream.h">
      <Filter>Header Files</Filter>
    </ClInclude>
    <ClInclude Include="include\rapidjson\stringbuffer.h">
      <Filter>Header Files</Filter>
    </ClInclude>
    <ClInclude Include="include\rapidjson\writer.h">
      <Filter>Header Files</Filter>
    </ClInclude>
    <ClInclude Include="include\Utils\RapidProxy.h">
      <Filter>Header Files</Filter>
    </ClInclude>
    <ClInclude Include="include\Object\ObjectComponents\BlockComponents\BlockComponent.h">
      <Filter>Header Files</Filter>
    </ClInclude>
    <ClInclude Include="include\Object\ObjectComponents\BlockComponents\boneVisibility.h">
      <Filter>Header Files</Filter>
    </ClInclude>
    <ClInclude Include="include\Object\ObjectComponents\BlockComponents\boxBreathability.h">
      <Filter>Header Files</Filter>
    </ClInclude>
    <ClInclude Include="include\Object\ObjectComponents\BlockComponents\collision_box.h">
      <Filter>Header Files</Filter>
    </ClInclude>
    <ClInclude Include="include\Object\ItemGroups.h">
      <Filter>Header Files</Filter>
    </ClInclude>
    <ClInclude Include="include\Object\ObjectComponents\BlockComponents\crafting_table.h">
      <Filter>Header Files</Filter>
    </ClInclude>
    <ClInclude Include="include\Object\ObjectComponents\BlockComponents\destructible_by_explosion.h">
      <Filter>Header Files</Filter>
    </ClInclude>
    <ClInclude Include="include\Object\ObjectComponents\BlockComponents\destructible_by_mining.h">
      <Filter>Header Files</Filter>
    </ClInclude>
    <ClInclude Include="include\Object\ObjectComponents\BlockComponents\display_name.h">
      <Filter>Header Files</Filter>
    </ClInclude>
    <ClInclude Include="include\Object\ObjectComponents\BlockComponents\flammable.h">
      <Filter>Header Files</Filter>
    </ClInclude>
    <ClInclude Include="include\Object\ObjectComponents\BlockComponents\friction.h">
      <Filter>Header Files</Filter>
    </ClInclude>
    <ClInclude Include="include\Object\ObjectComponents\BlockComponents\geometry.h">
      <Filter>Header Files</Filter>
    </ClInclude>
    <ClInclude Include="include\Object\ObjectComponents\BlockComponents\light_dampening.h">
      <Filter>Header Files</Filter>
    </ClInclude>
    <ClInclude Include="include\Object\ObjectComponents\BlockComponents\light_emissions.h">
      <Filter>Header Files</Filter>
    </ClInclude>
    <ClInclude Include="include\Object\ObjectComponents\BlockComponents\loot.h">
      <Filter>Header Files</Filter>
    </ClInclude>
    <ClInclude Include="include\Object\ObjectComponents\BlockComponents\mapColor.h">
      <Filter>Header Files</Filter>
    </ClInclude>
    <ClInclude Include="include\Object\ObjectComponents\BlockComponents\materialInstances.h">
      <Filter>Header Files</Filter>
    </ClInclude>
    <ClInclude Include="include\Object\ObjectComponents\BlockComponents\SubClasses\materialInstanceSegment.h">
      <Filter>Header Files</Filter>
    </ClInclude>
    <ClInclude Include="include\Object\ObjectComponents\BlockComponents\placementFilter.h">
      <Filter>Header Files</Filter>
    </ClInclude>
    <ClInclude Include="include\Object\ObjectComponents\BlockComponents\SubClasses\placementFilterData.h">
      <Filter>Header Files</Filter>
    </ClInclude>
    <ClInclude Include="include\Object\BlockStates.h">
      <Filter>Header Files</Filter>
    </ClInclude>
    <ClInclude Include="include\Object\ObjectComponents\BlockComponents\queuedTicking.h">
      <Filter>Header Files</Filter>
    </ClInclude>
    <ClInclude Include="include\Object\ObjectComponents\BlockComponents\SubClasses\Trigger.h">
      <Filter>Header Files</Filter>
    </ClInclude>
    <ClInclude Include="include\Object\ObjectComponents\BlockComponents\randomTicking.h">
      <Filter>Header Files</Filter>
    </ClInclude>
    <ClInclude Include="src\Object\BlockComponent\randomTicking.cpp">
      <Filter>Header Files</Filter>
    </ClInclude>
    <ClInclude Include="include\Object\ObjectComponents\BlockComponents\selectionBox.h">
      <Filter>Header Files</Filter>
    </ClInclude>
    <ClInclude Include="include\Object\ObjectComponents\BlockComponents\transformation.h">
      <Filter>Header Files</Filter>
    </ClInclude>
    <ClInclude Include="include\Object\ObjectComponents\BlockComponents\unitCube.h">
      <Filter>Header Files</Filter>
    </ClInclude>
    <ClInclude Include="include\Object\ObjectComponents\BlockEventResponse\BlockEventResponse.h">
      <Filter>Header Files</Filter>
    </ClInclude>
    <ClInclude Include="include\Object\ObjectComponents\BlockEventResponse\addMobEffect.h">
      <Filter>Header Files</Filter>
    </ClInclude>
    <ClInclude Include="include\blocks.h">
      <Filter>Header Files</Filter>
    </ClInclude>
    <ClInclude Include="include\Object\ObjectComponents\BlockEventResponse\damage.h">
      <Filter>Header Files</Filter>
    </ClInclude>
    <ClInclude Include="include\Object\ObjectComponents\BlockEventResponse\die.h">
      <Filter>Header Files</Filter>
    </ClInclude>
    <ClInclude Include="include\Object\ObjectComponents\BlockEventResponse\play_effect.h">
      <Filter>Header Files</Filter>
    </ClInclude>
    <ClInclude Include="include\Object\ObjectComponents\BlockEventResponse\playSound.h">
      <Filter>Header Files</Filter>
    </ClInclude>
    <ClInclude Include="include\Object\ObjectComponents\BlockEventResponse\removeMobEffect.h">
      <Filter>Header Files</Filter>
    </ClInclude>
    <ClInclude Include="include\Object\ObjectComponents\BlockEventResponse\runCommand.h">
      <Filter>Header Files</Filter>
    </ClInclude>
    <ClInclude Include="include\Object\Event.h">
      <Filter>Header Files</Filter>
    </ClInclude>
    <ClInclude Include="include\Object\ObjectComponents\BlockEventResponse\SetBlock.h">
      <Filter>Header Files</Filter>
    </ClInclude>
    <ClInclude Include="include\Object\ObjectComponents\GlobalSubClasses\blockType.h">
      <Filter>Header Files</Filter>
    </ClInclude>
    <ClInclude Include="include\Object\ObjectComponents\BlockEventResponse\setBlockAtPos.h">
      <Filter>Header Files</Filter>
    </ClInclude>
    <ClInclude Include="include\Object\ObjectComponents\BlockEventResponse\setBlockState.h">
      <Filter>Header Files</Filter>
    </ClInclude>
    <ClInclude Include="include\Object\ObjectComponents\BlockEventResponse\spawnLoot.h">
      <Filter>Header Files</Filter>
    </ClInclude>
    <ClInclude Include="include\Object\ObjectComponents\BlockEventResponse\swing.h">
      <Filter>Header Files</Filter>
    </ClInclude>
    <ClInclude Include="include\Object\ObjectComponents\BlockEventResponse\teleport.h">
      <Filter>Header Files</Filter>
    </ClInclude>
    <ClInclude Include="include\Object\ObjectComponents\BlockEventResponse\transformItem.h">
      <Filter>Header Files</Filter>
    </ClInclude>
  </ItemGroup>
  <ItemGroup>
    <ClCompile Include="src\Object\Uranium.cpp">
      <Filter>Source Files</Filter>
    </ClCompile>
    <ClCompile Include="src\Registeries\ObjectRegistery.cpp">
      <Filter>Source Files</Filter>
    </ClCompile>
    <ClCompile Include="src\Logger\Logger.cpp">
      <Filter>Source Files</Filter>
    </ClCompile>
    <ClCompile Include="src\Object\CompilerObject.cpp">
      <Filter>Source Files</Filter>
    </ClCompile>
    <ClCompile Include="src\Utils\UtilFunctions.cpp">
      <Filter>Source Files</Filter>
    </ClCompile>
    <ClCompile Include="src\Object\BlockObject.cpp">
      <Filter>Source Files</Filter>
    </ClCompile>
    <ClCompile Include="src\Object\BlockComponent\boneVisibility.cpp">
      <Filter>Source Files</Filter>
    </ClCompile>
    <ClCompile Include="src\Object\BlockComponent\boxBreathability.cpp">
      <Filter>Source Files</Filter>
    </ClCompile>
    <ClCompile Include="src\UraniumGlobals.cpp">
      <Filter>Source Files</Filter>
    </ClCompile>
    <ClCompile Include="src\Object\BlockComponent\collision_box.cpp">
      <Filter>Source Files</Filter>
    </ClCompile>
    <ClCompile Include="src\Object\BlockComponent\crafting_table.cpp">
      <Filter>Source Files</Filter>
    </ClCompile>
    <ClCompile Include="src\Object\BlockComponent\destructible_by_explosion.cpp">
      <Filter>Source Files</Filter>
    </ClCompile>
    <ClCompile Include="src\Object\BlockComponent\destructible_by_mining.cpp">
      <Filter>Source Files</Filter>
    </ClCompile>
    <ClCompile Include="src\Object\BlockComponent\display_name.cpp">
      <Filter>Source Files</Filter>
    </ClCompile>
    <ClCompile Include="src\Object\BlockComponent\flammable.cpp">
      <Filter>Source Files</Filter>
    </ClCompile>
    <ClCompile Include="src\Object\BlockComponent\friction.cpp">
      <Filter>Source Files</Filter>
    </ClCompile>
    <ClCompile Include="src\Object\BlockComponent\geometry.cpp">
      <Filter>Source Files</Filter>
    </ClCompile>
    <ClCompile Include="src\Object\BlockComponent\materialInstances.cpp">
      <Filter>Source Files</Filter>
    </ClCompile>
    <ClCompile Include="src\Object\BlockComponent\PlacementFilter.cpp">
      <Filter>Source Files</Filter>
    </ClCompile>
    <ClCompile Include="src\TextureUtilities\Texture\Texture.cpp">
      <Filter>Source Files</Filter>
    </ClCompile>
    <ClCompile Include="src\Object\BlockComponent\queuedTicking.cpp">
      <Filter>Source Files</Filter>
    </ClCompile>
    <ClCompile Include="src\Object\BlockComponent\selectionBox.cpp">
      <Filter>Source Files</Filter>
    </ClCompile>
    <ClCompile Include="src\Object\BlockComponent\transformation.cpp">
      <Filter>Source Files</Filter>
    </ClCompile>
    <ClCompile Include="include\Object\EventResponse.h">
      <Filter>Header Files</Filter>
    </ClCompile>
  </ItemGroup>
</Project>